
Microsoft Visual Studio Solution File, Format Version 12.00
# Visual Studio Version 17
VisualStudioVersion = 17.6.33829.357
MinimumVisualStudioVersion = 10.0.40219.1
Project("{FAE04EC0-301F-11D3-BF4B-00C04F79EFBC}") = "vintage-kitman API", "vintage-kitman API\vintage-kitman API.csproj", "{A185A9A5-0933-415C-A7FF-C81B29005988}"
EndProject
Global
	GlobalSection(SolutionConfigurationPlatforms) = preSolution
		Debug|Any CPU = Debug|Any CPU
		Release|Any CPU = Release|Any CPU
	EndGlobalSection
	GlobalSection(ProjectConfigurationPlatforms) = postSolution
		{A185A9A5-0933-415C-A7FF-C81B29005988}.Debug|Any CPU.ActiveCfg = Debug|Any CPU
		{A185A9A5-0933-415C-A7FF-C81B29005988}.Debug|Any CPU.Build.0 = Debug|Any CPU
		{A185A9A5-0933-415C-A7FF-C81B29005988}.Release|Any CPU.ActiveCfg = Release|Any CPU
		{A185A9A5-0933-415C-A7FF-C81B29005988}.Release|Any CPU.Build.0 = Release|Any CPU
	EndGlobalSection
	GlobalSection(SolutionProperties) = preSolution
		HideSolutionNode = FALSE
	EndGlobalSection
	GlobalSection(ExtensibilityGlobals) = postSolution
		SolutionGuid = {CFC9760C-1C35-49E6-B8F3-E501FA66CB22}
	EndGlobalSection
EndGlobal
